
Microsoft Visual Studio Solution File, Format Version 12.00
# Visual Studio Version 17
VisualStudioVersion = 17.5.002.0
MinimumVisualStudioVersion = 10.0.40219.1
Project("{9A19103F-16F7-4668-BE54-9A1E7A4F7556}") = "Meetup", "Meetup.csproj", "{AA17FB90-E66B-4DB4-86DC-499417EBD3B9}"
EndProject
Global
	GlobalSection(SolutionConfigurationPlatforms) = preSolution
		Debug|Any CPU = Debug|Any CPU
		Release|Any CPU = Release|Any CPU
	EndGlobalSection
	GlobalSection(ProjectConfigurationPlatforms) = postSolution
		{AA17FB90-E66B-4DB4-86DC-499417EBD3B9}.Debug|Any CPU.ActiveCfg = Debug|Any CPU
		{AA17FB90-E66B-4DB4-86DC-499417EBD3B9}.Debug|Any CPU.Build.0 = Debug|Any CPU
		{AA17FB90-E66B-4DB4-86DC-499417EBD3B9}.Release|Any CPU.ActiveCfg = Release|Any CPU
		{AA17FB90-E66B-4DB4-86DC-499417EBD3B9}.Release|Any CPU.Build.0 = Release|Any CPU
	EndGlobalSection
	GlobalSection(SolutionProperties) = preSolution
		HideSolutionNode = FALSE
	EndGlobalSection
	GlobalSection(ExtensibilityGlobals) = postSolution
		SolutionGuid = {589F8674-FC36-4D77-BFE7-8BB4F631EB5E}
	EndGlobalSection
EndGlobal
