
Microsoft Visual Studio Solution File, Format Version 12.00
# Visual Studio Version 17
VisualStudioVersion = 17.0.31903.59
MinimumVisualStudioVersion = 10.0.40219.1
Project("{FAE04EC0-301F-11D3-BF4B-00C04F79EFBC}") = "Meetup", "Meetup\Meetup.csproj", "{2EAC0BB7-BD66-4D48-B4D4-2F0D2DBE3261}"
EndProject
Global
	GlobalSection(SolutionConfigurationPlatforms) = preSolution
		Debug|Any CPU = Debug|Any CPU
		Release|Any CPU = Release|Any CPU
	EndGlobalSection
	GlobalSection(SolutionProperties) = preSolution
		HideSolutionNode = FALSE
	EndGlobalSection
	GlobalSection(ProjectConfigurationPlatforms) = postSolution
		{2EAC0BB7-BD66-4D48-B4D4-2F0D2DBE3261}.Debug|Any CPU.ActiveCfg = Debug|Any CPU
		{2EAC0BB7-BD66-4D48-B4D4-2F0D2DBE3261}.Debug|Any CPU.Build.0 = Debug|Any CPU
		{2EAC0BB7-BD66-4D48-B4D4-2F0D2DBE3261}.Release|Any CPU.ActiveCfg = Release|Any CPU
		{2EAC0BB7-BD66-4D48-B4D4-2F0D2DBE3261}.Release|Any CPU.Build.0 = Release|Any CPU
	EndGlobalSection
EndGlobal
