<Solution>
  <Folder Name="/Docs/">
    <File Path="../README.md" />
  </Folder>
  <Folder Name="/Playground/">
    <Project Path="Playground/Meetup/Meetup/Meetup.csproj" />
    <Project Path="Playground/PersistenceTester/PersistenceTester.csproj" />
  </Folder>
  <Folder Name="/Solution Items/">
    <File Path="../.gitignore" />
    <File Path="../azure-pipelines.yml" />
    <File Path="Directory.build.props" />
  </Folder>
  <Project Path="EventSourcing.Benchmarks.Test/EventSourcing.Benchmarks.Test.csproj" />
  <Project Path="EventSourcing.Benchmarks/EventSourcing.Benchmarks.csproj" />
  <Project Path="EventSourcing.Commands.SourceGenerator.Test/EventSourcing.Commands.SourceGenerator.Test.csproj" />
  <Project Path="EventSourcing.Commands.SourceGenerator/EventSourcing.Commands.SourceGenerator.csproj" />
  <Project Path="EventSourcing.Commands.Templates/EventSourcing.Commands.Templates.csproj" />
  <Project Path="EventSourcing.Commands/EventSourcing.Commands.csproj" />
  <Project Path="EventSourcing.Persistence.EntityFramework.Postgres/EventSourcing.Persistence.EntityFramework.Postgres.csproj" />
  <Project Path="EventSourcing.Persistence.EntityFramework.Sqlite/EventSourcing.Persistence.EntityFramework.Sqlite.csproj" />
  <Project Path="EventSourcing.Persistence.EntityFramework.SqlServer/EventSourcing.Persistence.EntityFramework.SqlServer.csproj" />
  <Project Path="EventSourcing.Persistence.EntityFramework/EventSourcing.Persistence.EntityFramework.csproj" />
  <Project Path="EventSourcing.Test/EventSourcing.Test.csproj" />
  <Project Path="EventSourcing/EventSourcing.csproj" />
</Solution>
