
Microsoft Visual Studio Solution File, Format Version 12.00
# Visual Studio Version 17
VisualStudioVersion = 17.0.31903.59
MinimumVisualStudioVersion = 10.0.40219.1
Project("{9A19103F-16F7-4668-BE54-9A1E7A4F7556}") = "EventSourcing", "EventSourcing\EventSourcing.csproj", "{119F56DE-CD97-44A8-AAAD-7678F341FB9B}"
EndProject
Global
	GlobalSection(SolutionConfigurationPlatforms) = preSolution
		Debug|Any CPU = Debug|Any CPU
		Release|Any CPU = Release|Any CPU
	EndGlobalSection
	GlobalSection(ProjectConfigurationPlatforms) = postSolution
		{119F56DE-CD97-44A8-AAAD-7678F341FB9B}.Debug|Any CPU.ActiveCfg = Debug|Any CPU
		{119F56DE-CD97-44A8-AAAD-7678F341FB9B}.Debug|Any CPU.Build.0 = Debug|Any CPU
		{119F56DE-CD97-44A8-AAAD-7678F341FB9B}.Release|Any CPU.ActiveCfg = Release|Any CPU
		{119F56DE-CD97-44A8-AAAD-7678F341FB9B}.Release|Any CPU.Build.0 = Release|Any CPU
	EndGlobalSection
	GlobalSection(SolutionProperties) = preSolution
		HideSolutionNode = FALSE
	EndGlobalSection
	GlobalSection(ExtensibilityGlobals) = postSolution
		SolutionGuid = {F4CE31E1-9E41-4898-BCB5-03320C45E4D9}
	EndGlobalSection
EndGlobal
